
Microsoft Visual Studio Solution File, Format Version 12.00
# Visual Studio 15
VisualStudioVersion = 15.0.27703.2047
MinimumVisualStudioVersion = 10.0.40219.1
Project("{FAE04EC0-301F-11D3-BF4B-00C04F79EFBC}") = "MVVM1Lec9.Android", "MVVM1Lec9\MVVM1Lec9.Android\MVVM1Lec9.Android.csproj", "{5CEEF52C-8748-4038-802C-7C61D947DCF1}"
EndProject
Project("{FAE04EC0-301F-11D3-BF4B-00C04F79EFBC}") = "MVVM1Lec9.iOS", "MVVM1Lec9\MVVM1Lec9.iOS\MVVM1Lec9.iOS.csproj", "{85693554-3829-4FF2-8A79-8806E8C3A281}"
EndProject
Project("{FAE04EC0-301F-11D3-BF4B-00C04F79EFBC}") = "MVVM1Lec9.UWP", "MVVM1Lec9\MVVM1Lec9.UWP\MVVM1Lec9.UWP.csproj", "{FB32B938-BFB1-40A0-9250-71817251AABE}"
EndProject
Project("{FAE04EC0-301F-11D3-BF4B-00C04F79EFBC}") = "MVVM1Lec9", "MVVM1Lec9\MVVM1Lec9\MVVM1Lec9.csproj", "{A9564647-8AD1-4ECC-88E7-BD0F268F183F}"
EndProject
Global
	GlobalSection(SolutionConfigurationPlatforms) = preSolution
		Ad-Hoc|Any CPU = Ad-Hoc|Any CPU
		Ad-Hoc|ARM = Ad-Hoc|ARM
		Ad-Hoc|iPhone = Ad-Hoc|iPhone
		Ad-Hoc|iPhoneSimulator = Ad-Hoc|iPhoneSimulator
		Ad-Hoc|x64 = Ad-Hoc|x64
		Ad-Hoc|x86 = Ad-Hoc|x86
		AppStore|Any CPU = AppStore|Any CPU
		AppStore|ARM = AppStore|ARM
		AppStore|iPhone = AppStore|iPhone
		AppStore|iPhoneSimulator = AppStore|iPhoneSimulator
		AppStore|x64 = AppStore|x64
		AppStore|x86 = AppStore|x86
		Debug|Any CPU = Debug|Any CPU
		Debug|ARM = Debug|ARM
		Debug|iPhone = Debug|iPhone
		Debug|iPhoneSimulator = Debug|iPhoneSimulator
		Debug|x64 = Debug|x64
		Debug|x86 = Debug|x86
		Release|Any CPU = Release|Any CPU
		Release|ARM = Release|ARM
		Release|iPhone = Release|iPhone
		Release|iPhoneSimulator = Release|iPhoneSimulator
		Release|x64 = Release|x64
		Release|x86 = Release|x86
	EndGlobalSection
	GlobalSection(ProjectConfigurationPlatforms) = postSolution
		{5CEEF52C-8748-4038-802C-7C61D947DCF1}.Ad-Hoc|Any CPU.ActiveCfg = Release|Any CPU
		{5CEEF52C-8748-4038-802C-7C61D947DCF1}.Ad-Hoc|Any CPU.Build.0 = Release|Any CPU
		{5CEEF52C-8748-4038-802C-7C61D947DCF1}.Ad-Hoc|Any CPU.Deploy.0 = Release|Any CPU
		{5CEEF52C-8748-4038-802C-7C61D947DCF1}.Ad-Hoc|ARM.ActiveCfg = Release|Any CPU
		{5CEEF52C-8748-4038-802C-7C61D947DCF1}.Ad-Hoc|ARM.Build.0 = Release|Any CPU
		{5CEEF52C-8748-4038-802C-7C61D947DCF1}.Ad-Hoc|ARM.Deploy.0 = Release|Any CPU
		{5CEEF52C-8748-4038-802C-7C61D947DCF1}.Ad-Hoc|iPhone.ActiveCfg = Release|Any CPU
		{5CEEF52C-8748-4038-802C-7C61D947DCF1}.Ad-Hoc|iPhone.Build.0 = Release|Any CPU
		{5CEEF52C-8748-4038-802C-7C61D947DCF1}.Ad-Hoc|iPhone.Deploy.0 = Release|Any CPU
		{5CEEF52C-8748-4038-802C-7C61D947DCF1}.Ad-Hoc|iPhoneSimulator.ActiveCfg = Release|Any CPU
		{5CEEF52C-8748-4038-802C-7C61D947DCF1}.Ad-Hoc|iPhoneSimulator.Build.0 = Release|Any CPU
		{5CEEF52C-8748-4038-802C-7C61D947DCF1}.Ad-Hoc|iPhoneSimulator.Deploy.0 = Release|Any CPU
		{5CEEF52C-8748-4038-802C-7C61D947DCF1}.Ad-Hoc|x64.ActiveCfg = Release|Any CPU
		{5CEEF52C-8748-4038-802C-7C61D947DCF1}.Ad-Hoc|x64.Build.0 = Release|Any CPU
		{5CEEF52C-8748-4038-802C-7C61D947DCF1}.Ad-Hoc|x64.Deploy.0 = Release|Any CPU
		{5CEEF52C-8748-4038-802C-7C61D947DCF1}.Ad-Hoc|x86.ActiveCfg = Release|Any CPU
		{5CEEF52C-8748-4038-802C-7C61D947DCF1}.Ad-Hoc|x86.Build.0 = Release|Any CPU
		{5CEEF52C-8748-4038-802C-7C61D947DCF1}.Ad-Hoc|x86.Deploy.0 = Release|Any CPU
		{5CEEF52C-8748-4038-802C-7C61D947DCF1}.AppStore|Any CPU.ActiveCfg = Release|Any CPU
		{5CEEF52C-8748-4038-802C-7C61D947DCF1}.AppStore|Any CPU.Build.0 = Release|Any CPU
		{5CEEF52C-8748-4038-802C-7C61D947DCF1}.AppStore|Any CPU.Deploy.0 = Release|Any CPU
		{5CEEF52C-8748-4038-802C-7C61D947DCF1}.AppStore|ARM.ActiveCfg = Release|Any CPU
		{5CEEF52C-8748-4038-802C-7C61D947DCF1}.AppStore|ARM.Build.0 = Release|Any CPU
		{5CEEF52C-8748-4038-802C-7C61D947DCF1}.AppStore|ARM.Deploy.0 = Release|Any CPU
		{5CEEF52C-8748-4038-802C-7C61D947DCF1}.AppStore|iPhone.ActiveCfg = Release|Any CPU
		{5CEEF52C-8748-4038-802C-7C61D947DCF1}.AppStore|iPhone.Build.0 = Release|Any CPU
		{5CEEF52C-8748-4038-802C-7C61D947DCF1}.AppStore|iPhone.Deploy.0 = Release|Any CPU
		{5CEEF52C-8748-4038-802C-7C61D947DCF1}.AppStore|iPhoneSimulator.ActiveCfg = Release|Any CPU
		{5CEEF52C-8748-4038-802C-7C61D947DCF1}.AppStore|iPhoneSimulator.Build.0 = Release|Any CPU
		{5CEEF52C-8748-4038-802C-7C61D947DCF1}.AppStore|iPhoneSimulator.Deploy.0 = Release|Any CPU
		{5CEEF52C-8748-4038-802C-7C61D947DCF1}.AppStore|x64.ActiveCfg = Release|Any CPU
		{5CEEF52C-8748-4038-802C-7C61D947DCF1}.AppStore|x64.Build.0 = Release|Any CPU
		{5CEEF52C-8748-4038-802C-7C61D947DCF1}.AppStore|x64.Deploy.0 = Release|Any CPU
		{5CEEF52C-8748-4038-802C-7C61D947DCF1}.AppStore|x86.ActiveCfg = Release|Any CPU
		{5CEEF52C-8748-4038-802C-7C61D947DCF1}.AppStore|x86.Build.0 = Release|Any CPU
		{5CEEF52C-8748-4038-802C-7C61D947DCF1}.AppStore|x86.Deploy.0 = Release|Any CPU
		{5CEEF52C-8748-4038-802C-7C61D947DCF1}.Debug|Any CPU.ActiveCfg = Debug|Any CPU
		{5CEEF52C-8748-4038-802C-7C61D947DCF1}.Debug|Any CPU.Build.0 = Debug|Any CPU
		{5CEEF52C-8748-4038-802C-7C61D947DCF1}.Debug|Any CPU.Deploy.0 = Debug|Any CPU
		{5CEEF52C-8748-4038-802C-7C61D947DCF1}.Debug|ARM.ActiveCfg = Debug|Any CPU
		{5CEEF52C-8748-4038-802C-7C61D947DCF1}.Debug|ARM.Build.0 = Debug|Any CPU
		{5CEEF52C-8748-4038-802C-7C61D947DCF1}.Debug|ARM.Deploy.0 = Debug|Any CPU
		{5CEEF52C-8748-4038-802C-7C61D947DCF1}.Debug|iPhone.ActiveCfg = Debug|Any CPU
		{5CEEF52C-8748-4038-802C-7C61D947DCF1}.Debug|iPhone.Build.0 = Debug|Any CPU
		{5CEEF52C-8748-4038-802C-7C61D947DCF1}.Debug|iPhone.Deploy.0 = Debug|Any CPU
		{5CEEF52C-8748-4038-802C-7C61D947DCF1}.Debug|iPhoneSimulator.ActiveCfg = Debug|Any CPU
		{5CEEF52C-8748-4038-802C-7C61D947DCF1}.Debug|iPhoneSimulator.Build.0 = Debug|Any CPU
		{5CEEF52C-8748-4038-802C-7C61D947DCF1}.Debug|iPhoneSimulator.Deploy.0 = Debug|Any CPU
		{5CEEF52C-8748-4038-802C-7C61D947DCF1}.Debug|x64.ActiveCfg = Debug|Any CPU
		{5CEEF52C-8748-4038-802C-7C61D947DCF1}.Debug|x64.Build.0 = Debug|Any CPU
		{5CEEF52C-8748-4038-802C-7C61D947DCF1}.Debug|x64.Deploy.0 = Debug|Any CPU
		{5CEEF52C-8748-4038-802C-7C61D947DCF1}.Debug|x86.ActiveCfg = Debug|Any CPU
		{5CEEF52C-8748-4038-802C-7C61D947DCF1}.Debug|x86.Build.0 = Debug|Any CPU
		{5CEEF52C-8748-4038-802C-7C61D947DCF1}.Debug|x86.Deploy.0 = Debug|Any CPU
		{5CEEF52C-8748-4038-802C-7C61D947DCF1}.Release|Any CPU.ActiveCfg = Release|Any CPU
		{5CEEF52C-8748-4038-802C-7C61D947DCF1}.Release|Any CPU.Build.0 = Release|Any CPU
		{5CEEF52C-8748-4038-802C-7C61D947DCF1}.Release|Any CPU.Deploy.0 = Release|Any CPU
		{5CEEF52C-8748-4038-802C-7C61D947DCF1}.Release|ARM.ActiveCfg = Release|Any CPU
		{5CEEF52C-8748-4038-802C-7C61D947DCF1}.Release|ARM.Build.0 = Release|Any CPU
		{5CEEF52C-8748-4038-802C-7C61D947DCF1}.Release|ARM.Deploy.0 = Release|Any CPU
		{5CEEF52C-8748-4038-802C-7C61D947DCF1}.Release|iPhone.ActiveCfg = Release|Any CPU
		{5CEEF52C-8748-4038-802C-7C61D947DCF1}.Release|iPhone.Build.0 = Release|Any CPU
		{5CEEF52C-8748-4038-802C-7C61D947DCF1}.Release|iPhone.Deploy.0 = Release|Any CPU
		{5CEEF52C-8748-4038-802C-7C61D947DCF1}.Release|iPhoneSimulator.ActiveCfg = Release|Any CPU
		{5CEEF52C-8748-4038-802C-7C61D947DCF1}.Release|iPhoneSimulator.Build.0 = Release|Any CPU
		{5CEEF52C-8748-4038-802C-7C61D947DCF1}.Release|iPhoneSimulator.Deploy.0 = Release|Any CPU
		{5CEEF52C-8748-4038-802C-7C61D947DCF1}.Release|x64.ActiveCfg = Release|Any CPU
		{5CEEF52C-8748-4038-802C-7C61D947DCF1}.Release|x64.Build.0 = Release|Any CPU
		{5CEEF52C-8748-4038-802C-7C61D947DCF1}.Release|x64.Deploy.0 = Release|Any CPU
		{5CEEF52C-8748-4038-802C-7C61D947DCF1}.Release|x86.ActiveCfg = Release|Any CPU
		{5CEEF52C-8748-4038-802C-7C61D947DCF1}.Release|x86.Build.0 = Release|Any CPU
		{5CEEF52C-8748-4038-802C-7C61D947DCF1}.Release|x86.Deploy.0 = Release|Any CPU
		{85693554-3829-4FF2-8A79-8806E8C3A281}.Ad-Hoc|Any CPU.ActiveCfg = Ad-Hoc|iPhone
		{85693554-3829-4FF2-8A79-8806E8C3A281}.Ad-Hoc|Any CPU.Build.0 = Ad-Hoc|iPhone
		{85693554-3829-4FF2-8A79-8806E8C3A281}.Ad-Hoc|Any CPU.Deploy.0 = Ad-Hoc|iPhone
		{85693554-3829-4FF2-8A79-8806E8C3A281}.Ad-Hoc|ARM.ActiveCfg = Ad-Hoc|iPhone
		{85693554-3829-4FF2-8A79-8806E8C3A281}.Ad-Hoc|ARM.Build.0 = Ad-Hoc|iPhone
		{85693554-3829-4FF2-8A79-8806E8C3A281}.Ad-Hoc|ARM.Deploy.0 = Ad-Hoc|iPhone
		{85693554-3829-4FF2-8A79-8806E8C3A281}.Ad-Hoc|iPhone.ActiveCfg = Ad-Hoc|iPhone
		{85693554-3829-4FF2-8A79-8806E8C3A281}.Ad-Hoc|iPhone.Build.0 = Ad-Hoc|iPhone
		{85693554-3829-4FF2-8A79-8806E8C3A281}.Ad-Hoc|iPhone.Deploy.0 = Ad-Hoc|iPhone
		{85693554-3829-4FF2-8A79-8806E8C3A281}.Ad-Hoc|iPhoneSimulator.ActiveCfg = Ad-Hoc|iPhoneSimulator
		{85693554-3829-4FF2-8A79-8806E8C3A281}.Ad-Hoc|iPhoneSimulator.Build.0 = Ad-Hoc|iPhoneSimulator
		{85693554-3829-4FF2-8A79-8806E8C3A281}.Ad-Hoc|iPhoneSimulator.Deploy.0 = Ad-Hoc|iPhoneSimulator
		{85693554-3829-4FF2-8A79-8806E8C3A281}.Ad-Hoc|x64.ActiveCfg = Ad-Hoc|iPhone
		{85693554-3829-4FF2-8A79-8806E8C3A281}.Ad-Hoc|x64.Build.0 = Ad-Hoc|iPhone
		{85693554-3829-4FF2-8A79-8806E8C3A281}.Ad-Hoc|x64.Deploy.0 = Ad-Hoc|iPhone
		{85693554-3829-4FF2-8A79-8806E8C3A281}.Ad-Hoc|x86.ActiveCfg = Ad-Hoc|iPhone
		{85693554-3829-4FF2-8A79-8806E8C3A281}.Ad-Hoc|x86.Build.0 = Ad-Hoc|iPhone
		{85693554-3829-4FF2-8A79-8806E8C3A281}.Ad-Hoc|x86.Deploy.0 = Ad-Hoc|iPhone
		{85693554-3829-4FF2-8A79-8806E8C3A281}.AppStore|Any CPU.ActiveCfg = AppStore|iPhone
		{85693554-3829-4FF2-8A79-8806E8C3A281}.AppStore|Any CPU.Build.0 = AppStore|iPhone
		{85693554-3829-4FF2-8A79-8806E8C3A281}.AppStore|Any CPU.Deploy.0 = AppStore|iPhone
		{85693554-3829-4FF2-8A79-8806E8C3A281}.AppStore|ARM.ActiveCfg = AppStore|iPhone
		{85693554-3829-4FF2-8A79-8806E8C3A281}.AppStore|ARM.Build.0 = AppStore|iPhone
		{85693554-3829-4FF2-8A79-8806E8C3A281}.AppStore|ARM.Deploy.0 = AppStore|iPhone
		{85693554-3829-4FF2-8A79-8806E8C3A281}.AppStore|iPhone.ActiveCfg = AppStore|iPhone
		{85693554-3829-4FF2-8A79-8806E8C3A281}.AppStore|iPhone.Build.0 = AppStore|iPhone
		{85693554-3829-4FF2-8A79-8806E8C3A281}.AppStore|iPhone.Deploy.0 = AppStore|iPhone
		{85693554-3829-4FF2-8A79-8806E8C3A281}.AppStore|iPhoneSimulator.ActiveCfg = AppStore|iPhoneSimulator
		{85693554-3829-4FF2-8A79-8806E8C3A281}.AppStore|iPhoneSimulator.Build.0 = AppStore|iPhoneSimulator
		{85693554-3829-4FF2-8A79-8806E8C3A281}.AppStore|iPhoneSimulator.Deploy.0 = AppStore|iPhoneSimulator
		{85693554-3829-4FF2-8A79-8806E8C3A281}.AppStore|x64.ActiveCfg = AppStore|iPhone
		{85693554-3829-4FF2-8A79-8806E8C3A281}.AppStore|x64.Build.0 = AppStore|iPhone
		{85693554-3829-4FF2-8A79-8806E8C3A281}.AppStore|x64.Deploy.0 = AppStore|iPhone
		{85693554-3829-4FF2-8A79-8806E8C3A281}.AppStore|x86.ActiveCfg = AppStore|iPhone
		{85693554-3829-4FF2-8A79-8806E8C3A281}.AppStore|x86.Build.0 = AppStore|iPhone
		{85693554-3829-4FF2-8A79-8806E8C3A281}.AppStore|x86.Deploy.0 = AppStore|iPhone
		{85693554-3829-4FF2-8A79-8806E8C3A281}.Debug|Any CPU.ActiveCfg = Debug|iPhoneSimulator
		{85693554-3829-4FF2-8A79-8806E8C3A281}.Debug|Any CPU.Build.0 = Debug|iPhoneSimulator
		{85693554-3829-4FF2-8A79-8806E8C3A281}.Debug|Any CPU.Deploy.0 = Debug|iPhoneSimulator
		{85693554-3829-4FF2-8A79-8806E8C3A281}.Debug|ARM.ActiveCfg = Debug|iPhone
		{85693554-3829-4FF2-8A79-8806E8C3A281}.Debug|ARM.Build.0 = Debug|iPhone
		{85693554-3829-4FF2-8A79-8806E8C3A281}.Debug|ARM.Deploy.0 = Debug|iPhone
		{85693554-3829-4FF2-8A79-8806E8C3A281}.Debug|iPhone.ActiveCfg = Debug|iPhone
		{85693554-3829-4FF2-8A79-8806E8C3A281}.Debug|iPhone.Build.0 = Debug|iPhone
		{85693554-3829-4FF2-8A79-8806E8C3A281}.Debug|iPhone.Deploy.0 = Debug|iPhone
		{85693554-3829-4FF2-8A79-8806E8C3A281}.Debug|iPhoneSimulator.ActiveCfg = Debug|iPhoneSimulator
		{85693554-3829-4FF2-8A79-8806E8C3A281}.Debug|iPhoneSimulator.Build.0 = Debug|iPhoneSimulator
		{85693554-3829-4FF2-8A79-8806E8C3A281}.Debug|iPhoneSimulator.Deploy.0 = Debug|iPhoneSimulator
		{85693554-3829-4FF2-8A79-8806E8C3A281}.Debug|x64.ActiveCfg = Debug|iPhone
		{85693554-3829-4FF2-8A79-8806E8C3A281}.Debug|x64.Build.0 = Debug|iPhone
		{85693554-3829-4FF2-8A79-8806E8C3A281}.Debug|x64.Deploy.0 = Debug|iPhone
		{85693554-3829-4FF2-8A79-8806E8C3A281}.Debug|x86.ActiveCfg = Debug|iPhone
		{85693554-3829-4FF2-8A79-8806E8C3A281}.Debug|x86.Build.0 = Debug|iPhone
		{85693554-3829-4FF2-8A79-8806E8C3A281}.Debug|x86.Deploy.0 = Debug|iPhone
		{85693554-3829-4FF2-8A79-8806E8C3A281}.Release|Any CPU.ActiveCfg = Release|iPhone
		{85693554-3829-4FF2-8A79-8806E8C3A281}.Release|Any CPU.Build.0 = Release|iPhone
		{85693554-3829-4FF2-8A79-8806E8C3A281}.Release|Any CPU.Deploy.0 = Release|iPhone
		{85693554-3829-4FF2-8A79-8806E8C3A281}.Release|ARM.ActiveCfg = Release|iPhone
		{85693554-3829-4FF2-8A79-8806E8C3A281}.Release|ARM.Build.0 = Release|iPhone
		{85693554-3829-4FF2-8A79-8806E8C3A281}.Release|ARM.Deploy.0 = Release|iPhone
		{85693554-3829-4FF2-8A79-8806E8C3A281}.Release|iPhone.ActiveCfg = Release|iPhone
		{85693554-3829-4FF2-8A79-8806E8C3A281}.Release|iPhone.Build.0 = Release|iPhone
		{85693554-3829-4FF2-8A79-8806E8C3A281}.Release|iPhone.Deploy.0 = Release|iPhone
		{85693554-3829-4FF2-8A79-8806E8C3A281}.Release|iPhoneSimulator.ActiveCfg = Release|iPhoneSimulator
		{85693554-3829-4FF2-8A79-8806E8C3A281}.Release|iPhoneSimulator.Build.0 = Release|iPhoneSimulator
		{85693554-3829-4FF2-8A79-8806E8C3A281}.Release|iPhoneSimulator.Deploy.0 = Release|iPhoneSimulator
		{85693554-3829-4FF2-8A79-8806E8C3A281}.Release|x64.ActiveCfg = Release|iPhone
		{85693554-3829-4FF2-8A79-8806E8C3A281}.Release|x64.Build.0 = Release|iPhone
		{85693554-3829-4FF2-8A79-8806E8C3A281}.Release|x64.Deploy.0 = Release|iPhone
		{85693554-3829-4FF2-8A79-8806E8C3A281}.Release|x86.ActiveCfg = Release|iPhone
		{85693554-3829-4FF2-8A79-8806E8C3A281}.Release|x86.Build.0 = Release|iPhone
		{85693554-3829-4FF2-8A79-8806E8C3A281}.Release|x86.Deploy.0 = Release|iPhone
		{FB32B938-BFB1-40A0-9250-71817251AABE}.Ad-Hoc|Any CPU.ActiveCfg = Release|x86
		{FB32B938-BFB1-40A0-9250-71817251AABE}.Ad-Hoc|Any CPU.Build.0 = Release|x86
		{FB32B938-BFB1-40A0-9250-71817251AABE}.Ad-Hoc|Any CPU.Deploy.0 = Release|x86
		{FB32B938-BFB1-40A0-9250-71817251AABE}.Ad-Hoc|ARM.ActiveCfg = Release|ARM
		{FB32B938-BFB1-40A0-9250-71817251AABE}.Ad-Hoc|ARM.Build.0 = Release|ARM
		{FB32B938-BFB1-40A0-9250-71817251AABE}.Ad-Hoc|ARM.Deploy.0 = Release|ARM
		{FB32B938-BFB1-40A0-9250-71817251AABE}.Ad-Hoc|iPhone.ActiveCfg = Release|x86
		{FB32B938-BFB1-40A0-9250-71817251AABE}.Ad-Hoc|iPhone.Build.0 = Release|x86
		{FB32B938-BFB1-40A0-9250-71817251AABE}.Ad-Hoc|iPhone.Deploy.0 = Release|x86
		{FB32B938-BFB1-40A0-9250-71817251AABE}.Ad-Hoc|iPhoneSimulator.ActiveCfg = Release|x86
		{FB32B938-BFB1-40A0-9250-71817251AABE}.Ad-Hoc|iPhoneSimulator.Build.0 = Release|x86
		{FB32B938-BFB1-40A0-9250-71817251AABE}.Ad-Hoc|iPhoneSimulator.Deploy.0 = Release|x86
		{FB32B938-BFB1-40A0-9250-71817251AABE}.Ad-Hoc|x64.ActiveCfg = Release|x64
		{FB32B938-BFB1-40A0-9250-71817251AABE}.Ad-Hoc|x64.Build.0 = Release|x64
		{FB32B938-BFB1-40A0-9250-71817251AABE}.Ad-Hoc|x64.Deploy.0 = Release|x64
		{FB32B938-BFB1-40A0-9250-71817251AABE}.Ad-Hoc|x86.ActiveCfg = Release|x86
		{FB32B938-BFB1-40A0-9250-71817251AABE}.Ad-Hoc|x86.Build.0 = Release|x86
		{FB32B938-BFB1-40A0-9250-71817251AABE}.Ad-Hoc|x86.Deploy.0 = Release|x86
		{FB32B938-BFB1-40A0-9250-71817251AABE}.AppStore|Any CPU.ActiveCfg = Release|x86
		{FB32B938-BFB1-40A0-9250-71817251AABE}.AppStore|Any CPU.Build.0 = Release|x86
		{FB32B938-BFB1-40A0-9250-71817251AABE}.AppStore|Any CPU.Deploy.0 = Release|x86
		{FB32B938-BFB1-40A0-9250-71817251AABE}.AppStore|ARM.ActiveCfg = Release|ARM
		{FB32B938-BFB1-40A0-9250-71817251AABE}.AppStore|ARM.Build.0 = Release|ARM
		{FB32B938-BFB1-40A0-9250-71817251AABE}.AppStore|ARM.Deploy.0 = Release|ARM
		{FB32B938-BFB1-40A0-9250-71817251AABE}.AppStore|iPhone.ActiveCfg = Release|x86
		{FB32B938-BFB1-40A0-9250-71817251AABE}.AppStore|iPhone.Build.0 = Release|x86
		{FB32B938-BFB1-40A0-9250-71817251AABE}.AppStore|iPhone.Deploy.0 = Release|x86
		{FB32B938-BFB1-40A0-9250-71817251AABE}.AppStore|iPhoneSimulator.ActiveCfg = Release|x86
		{FB32B938-BFB1-40A0-9250-71817251AABE}.AppStore|iPhoneSimulator.Build.0 = Release|x86
		{FB32B938-BFB1-40A0-9250-71817251AABE}.AppStore|iPhoneSimulator.Deploy.0 = Release|x86
		{FB32B938-BFB1-40A0-9250-71817251AABE}.AppStore|x64.ActiveCfg = Release|x64
		{FB32B938-BFB1-40A0-9250-71817251AABE}.AppStore|x64.Build.0 = Release|x64
		{FB32B938-BFB1-40A0-9250-71817251AABE}.AppStore|x64.Deploy.0 = Release|x64
		{FB32B938-BFB1-40A0-9250-71817251AABE}.AppStore|x86.ActiveCfg = Release|x86
		{FB32B938-BFB1-40A0-9250-71817251AABE}.AppStore|x86.Build.0 = Release|x86
		{FB32B938-BFB1-40A0-9250-71817251AABE}.AppStore|x86.Deploy.0 = Release|x86
		{FB32B938-BFB1-40A0-9250-71817251AABE}.Debug|Any CPU.ActiveCfg = Debug|x86
		{FB32B938-BFB1-40A0-9250-71817251AABE}.Debug|Any CPU.Build.0 = Debug|x86
		{FB32B938-BFB1-40A0-9250-71817251AABE}.Debug|Any CPU.Deploy.0 = Debug|x86
		{FB32B938-BFB1-40A0-9250-71817251AABE}.Debug|ARM.ActiveCfg = Debug|ARM
		{FB32B938-BFB1-40A0-9250-71817251AABE}.Debug|ARM.Build.0 = Debug|ARM
		{FB32B938-BFB1-40A0-9250-71817251AABE}.Debug|ARM.Deploy.0 = Debug|ARM
		{FB32B938-BFB1-40A0-9250-71817251AABE}.Debug|iPhone.ActiveCfg = Debug|x86
		{FB32B938-BFB1-40A0-9250-71817251AABE}.Debug|iPhone.Build.0 = Debug|x86
		{FB32B938-BFB1-40A0-9250-71817251AABE}.Debug|iPhone.Deploy.0 = Debug|x86
		{FB32B938-BFB1-40A0-9250-71817251AABE}.Debug|iPhoneSimulator.ActiveCfg = Debug|x86
		{FB32B938-BFB1-40A0-9250-71817251AABE}.Debug|iPhoneSimulator.Build.0 = Debug|x86
		{FB32B938-BFB1-40A0-9250-71817251AABE}.Debug|iPhoneSimulator.Deploy.0 = Debug|x86
		{FB32B938-BFB1-40A0-9250-71817251AABE}.Debug|x64.ActiveCfg = Debug|x64
		{FB32B938-BFB1-40A0-9250-71817251AABE}.Debug|x64.Build.0 = Debug|x64
		{FB32B938-BFB1-40A0-9250-71817251AABE}.Debug|x64.Deploy.0 = Debug|x64
		{FB32B938-BFB1-40A0-9250-71817251AABE}.Debug|x86.ActiveCfg = Debug|x86
		{FB32B938-BFB1-40A0-9250-71817251AABE}.Debug|x86.Build.0 = Debug|x86
		{FB32B938-BFB1-40A0-9250-71817251AABE}.Debug|x86.Deploy.0 = Debug|x86
		{FB32B938-BFB1-40A0-9250-71817251AABE}.Release|Any CPU.ActiveCfg = Release|x86
		{FB32B938-BFB1-40A0-9250-71817251AABE}.Release|Any CPU.Build.0 = Release|x86
		{FB32B938-BFB1-40A0-9250-71817251AABE}.Release|Any CPU.Deploy.0 = Release|x86
		{FB32B938-BFB1-40A0-9250-71817251AABE}.Release|ARM.ActiveCfg = Release|ARM
		{FB32B938-BFB1-40A0-9250-71817251AABE}.Release|ARM.Build.0 = Release|ARM
		{FB32B938-BFB1-40A0-9250-71817251AABE}.Release|ARM.Deploy.0 = Release|ARM
		{FB32B938-BFB1-40A0-9250-71817251AABE}.Release|iPhone.ActiveCfg = Release|x86
		{FB32B938-BFB1-40A0-9250-71817251AABE}.Release|iPhone.Build.0 = Release|x86
		{FB32B938-BFB1-40A0-9250-71817251AABE}.Release|iPhone.Deploy.0 = Release|x86
		{FB32B938-BFB1-40A0-9250-71817251AABE}.Release|iPhoneSimulator.ActiveCfg = Release|x86
		{FB32B938-BFB1-40A0-9250-71817251AABE}.Release|iPhoneSimulator.Build.0 = Release|x86
		{FB32B938-BFB1-40A0-9250-71817251AABE}.Release|iPhoneSimulator.Deploy.0 = Release|x86
		{FB32B938-BFB1-40A0-9250-71817251AABE}.Release|x64.ActiveCfg = Release|x64
		{FB32B938-BFB1-40A0-9250-71817251AABE}.Release|x64.Build.0 = Release|x64
		{FB32B938-BFB1-40A0-9250-71817251AABE}.Release|x64.Deploy.0 = Release|x64
		{FB32B938-BFB1-40A0-9250-71817251AABE}.Release|x86.ActiveCfg = Release|x86
		{FB32B938-BFB1-40A0-9250-71817251AABE}.Release|x86.Build.0 = Release|x86
		{FB32B938-BFB1-40A0-9250-71817251AABE}.Release|x86.Deploy.0 = Release|x86
		{A9564647-8AD1-4ECC-88E7-BD0F268F183F}.Ad-Hoc|Any CPU.ActiveCfg = Debug|Any CPU
		{A9564647-8AD1-4ECC-88E7-BD0F268F183F}.Ad-Hoc|Any CPU.Build.0 = Debug|Any CPU
		{A9564647-8AD1-4ECC-88E7-BD0F268F183F}.Ad-Hoc|Any CPU.Deploy.0 = Debug|Any CPU
		{A9564647-8AD1-4ECC-88E7-BD0F268F183F}.Ad-Hoc|ARM.ActiveCfg = Debug|Any CPU
		{A9564647-8AD1-4ECC-88E7-BD0F268F183F}.Ad-Hoc|ARM.Build.0 = Debug|Any CPU
		{A9564647-8AD1-4ECC-88E7-BD0F268F183F}.Ad-Hoc|ARM.Deploy.0 = Debug|Any CPU
		{A9564647-8AD1-4ECC-88E7-BD0F268F183F}.Ad-Hoc|iPhone.ActiveCfg = Debug|Any CPU
		{A9564647-8AD1-4ECC-88E7-BD0F268F183F}.Ad-Hoc|iPhone.Build.0 = Debug|Any CPU
		{A9564647-8AD1-4ECC-88E7-BD0F268F183F}.Ad-Hoc|iPhone.Deploy.0 = Debug|Any CPU
		{A9564647-8AD1-4ECC-88E7-BD0F268F183F}.Ad-Hoc|iPhoneSimulator.ActiveCfg = Debug|Any CPU
		{A9564647-8AD1-4ECC-88E7-BD0F268F183F}.Ad-Hoc|iPhoneSimulator.Build.0 = Debug|Any CPU
		{A9564647-8AD1-4ECC-88E7-BD0F268F183F}.Ad-Hoc|iPhoneSimulator.Deploy.0 = Debug|Any CPU
		{A9564647-8AD1-4ECC-88E7-BD0F268F183F}.Ad-Hoc|x64.ActiveCfg = Debug|Any CPU
		{A9564647-8AD1-4ECC-88E7-BD0F268F183F}.Ad-Hoc|x64.Build.0 = Debug|Any CPU
		{A9564647-8AD1-4ECC-88E7-BD0F268F183F}.Ad-Hoc|x64.Deploy.0 = Debug|Any CPU
		{A9564647-8AD1-4ECC-88E7-BD0F268F183F}.Ad-Hoc|x86.ActiveCfg = Debug|Any CPU
		{A9564647-8AD1-4ECC-88E7-BD0F268F183F}.Ad-Hoc|x86.Build.0 = Debug|Any CPU
		{A9564647-8AD1-4ECC-88E7-BD0F268F183F}.Ad-Hoc|x86.Deploy.0 = Debug|Any CPU
		{A9564647-8AD1-4ECC-88E7-BD0F268F183F}.AppStore|Any CPU.ActiveCfg = Debug|Any CPU
		{A9564647-8AD1-4ECC-88E7-BD0F268F183F}.AppStore|Any CPU.Build.0 = Debug|Any CPU
		{A9564647-8AD1-4ECC-88E7-BD0F268F183F}.AppStore|Any CPU.Deploy.0 = Debug|Any CPU
		{A9564647-8AD1-4ECC-88E7-BD0F268F183F}.AppStore|ARM.ActiveCfg = Debug|Any CPU
		{A9564647-8AD1-4ECC-88E7-BD0F268F183F}.AppStore|ARM.Build.0 = Debug|Any CPU
		{A9564647-8AD1-4ECC-88E7-BD0F268F183F}.AppStore|ARM.Deploy.0 = Debug|Any CPU
		{A9564647-8AD1-4ECC-88E7-BD0F268F183F}.AppStore|iPhone.ActiveCfg = Debug|Any CPU
		{A9564647-8AD1-4ECC-88E7-BD0F268F183F}.AppStore|iPhone.Build.0 = Debug|Any CPU
		{A9564647-8AD1-4ECC-88E7-BD0F268F183F}.AppStore|iPhone.Deploy.0 = Debug|Any CPU
		{A9564647-8AD1-4ECC-88E7-BD0F268F183F}.AppStore|iPhoneSimulator.ActiveCfg = Debug|Any CPU
		{A9564647-8AD1-4ECC-88E7-BD0F268F183F}.AppStore|iPhoneSimulator.Build.0 = Debug|Any CPU
		{A9564647-8AD1-4ECC-88E7-BD0F268F183F}.AppStore|iPhoneSimulator.Deploy.0 = Debug|Any CPU
		{A9564647-8AD1-4ECC-88E7-BD0F268F183F}.AppStore|x64.ActiveCfg = Debug|Any CPU
		{A9564647-8AD1-4ECC-88E7-BD0F268F183F}.AppStore|x64.Build.0 = Debug|Any CPU
		{A9564647-8AD1-4ECC-88E7-BD0F268F183F}.AppStore|x64.Deploy.0 = Debug|Any CPU
		{A9564647-8AD1-4ECC-88E7-BD0F268F183F}.AppStore|x86.ActiveCfg = Debug|Any CPU
		{A9564647-8AD1-4ECC-88E7-BD0F268F183F}.AppStore|x86.Build.0 = Debug|Any CPU
		{A9564647-8AD1-4ECC-88E7-BD0F268F183F}.AppStore|x86.Deploy.0 = Debug|Any CPU
		{A9564647-8AD1-4ECC-88E7-BD0F268F183F}.Debug|Any CPU.ActiveCfg = Debug|Any CPU
		{A9564647-8AD1-4ECC-88E7-BD0F268F183F}.Debug|Any CPU.Build.0 = Debug|Any CPU
		{A9564647-8AD1-4ECC-88E7-BD0F268F183F}.Debug|Any CPU.Deploy.0 = Debug|Any CPU
		{A9564647-8AD1-4ECC-88E7-BD0F268F183F}.Debug|ARM.ActiveCfg = Debug|Any CPU
		{A9564647-8AD1-4ECC-88E7-BD0F268F183F}.Debug|ARM.Build.0 = Debug|Any CPU
		{A9564647-8AD1-4ECC-88E7-BD0F268F183F}.Debug|ARM.Deploy.0 = Debug|Any CPU
		{A9564647-8AD1-4ECC-88E7-BD0F268F183F}.Debug|iPhone.ActiveCfg = Debug|Any CPU
		{A9564647-8AD1-4ECC-88E7-BD0F268F183F}.Debug|iPhone.Build.0 = Debug|Any CPU
		{A9564647-8AD1-4ECC-88E7-BD0F268F183F}.Debug|iPhone.Deploy.0 = Debug|Any CPU
		{A9564647-8AD1-4ECC-88E7-BD0F268F183F}.Debug|iPhoneSimulator.ActiveCfg = Debug|Any CPU
		{A9564647-8AD1-4ECC-88E7-BD0F268F183F}.Debug|iPhoneSimulator.Build.0 = Debug|Any CPU
		{A9564647-8AD1-4ECC-88E7-BD0F268F183F}.Debug|iPhoneSimulator.Deploy.0 = Debug|Any CPU
		{A9564647-8AD1-4ECC-88E7-BD0F268F183F}.Debug|x64.ActiveCfg = Debug|Any CPU
		{A9564647-8AD1-4ECC-88E7-BD0F268F183F}.Debug|x64.Build.0 = Debug|Any CPU
		{A9564647-8AD1-4ECC-88E7-BD0F268F183F}.Debug|x64.Deploy.0 = Debug|Any CPU
		{A9564647-8AD1-4ECC-88E7-BD0F268F183F}.Debug|x86.ActiveCfg = Debug|Any CPU
		{A9564647-8AD1-4ECC-88E7-BD0F268F183F}.Debug|x86.Build.0 = Debug|Any CPU
		{A9564647-8AD1-4ECC-88E7-BD0F268F183F}.Debug|x86.Deploy.0 = Debug|Any CPU
		{A9564647-8AD1-4ECC-88E7-BD0F268F183F}.Release|Any CPU.ActiveCfg = Release|Any CPU
		{A9564647-8AD1-4ECC-88E7-BD0F268F183F}.Release|Any CPU.Build.0 = Release|Any CPU
		{A9564647-8AD1-4ECC-88E7-BD0F268F183F}.Release|Any CPU.Deploy.0 = Release|Any CPU
		{A9564647-8AD1-4ECC-88E7-BD0F268F183F}.Release|ARM.ActiveCfg = Release|Any CPU
		{A9564647-8AD1-4ECC-88E7-BD0F268F183F}.Release|ARM.Build.0 = Release|Any CPU
		{A9564647-8AD1-4ECC-88E7-BD0F268F183F}.Release|ARM.Deploy.0 = Release|Any CPU
		{A9564647-8AD1-4ECC-88E7-BD0F268F183F}.Release|iPhone.ActiveCfg = Release|Any CPU
		{A9564647-8AD1-4ECC-88E7-BD0F268F183F}.Release|iPhone.Build.0 = Release|Any CPU
		{A9564647-8AD1-4ECC-88E7-BD0F268F183F}.Release|iPhone.Deploy.0 = Release|Any CPU
		{A9564647-8AD1-4ECC-88E7-BD0F268F183F}.Release|iPhoneSimulator.ActiveCfg = Release|Any CPU
		{A9564647-8AD1-4ECC-88E7-BD0F268F183F}.Release|iPhoneSimulator.Build.0 = Release|Any CPU
		{A9564647-8AD1-4ECC-88E7-BD0F268F183F}.Release|iPhoneSimulator.Deploy.0 = Release|Any CPU
		{A9564647-8AD1-4ECC-88E7-BD0F268F183F}.Release|x64.ActiveCfg = Release|Any CPU
		{A9564647-8AD1-4ECC-88E7-BD0F268F183F}.Release|x64.Build.0 = Release|Any CPU
		{A9564647-8AD1-4ECC-88E7-BD0F268F183F}.Release|x64.Deploy.0 = Release|Any CPU
		{A9564647-8AD1-4ECC-88E7-BD0F268F183F}.Release|x86.ActiveCfg = Release|Any CPU
		{A9564647-8AD1-4ECC-88E7-BD0F268F183F}.Release|x86.Build.0 = Release|Any CPU
		{A9564647-8AD1-4ECC-88E7-BD0F268F183F}.Release|x86.Deploy.0 = Release|Any CPU
	EndGlobalSection
	GlobalSection(SolutionProperties) = preSolution
		HideSolutionNode = FALSE
	EndGlobalSection
	GlobalSection(ExtensibilityGlobals) = postSolution
		SolutionGuid = {DF699731-A123-441A-A93F-5C9E442A3F2E}
	EndGlobalSection
EndGlobal
